// !$*UTF8*$!
{
	archiveVersion = 1;
	classes = {
	};
	objectVersion = 55;
	objects = {

/* Begin PBXBuildFile section */
		34193FE42813EB3D005452A4 /* AppDelegate.swift in Sources */ = {isa = PBXBuildFile; fileRef = 34193FE32813EB3D005452A4 /* AppDelegate.swift */; };
		34193FED2813EB3F005452A4 /* Assets.xcassets in Resources */ = {isa = PBXBuildFile; fileRef = 34193FEC2813EB3F005452A4 /* Assets.xcassets */; };
		34193FFA2813EF63005452A4 /* BlackLaunchScreen.storyboard in Resources */ = {isa = PBXBuildFile; fileRef = 34193FF92813EF63005452A4 /* BlackLaunchScreen.storyboard */; };
		341940032813F337005452A4 /* AutoLayoutOperators.swift in Sources */ = {isa = PBXBuildFile; fileRef = 34193FFD2813F336005452A4 /* AutoLayoutOperators.swift */; };
		341940042813F337005452A4 /* Collection+NSLayoutConstraint.swift in Sources */ = {isa = PBXBuildFile; fileRef = 34193FFE2813F336005452A4 /* Collection+NSLayoutConstraint.swift */; };
		341940052813F337005452A4 /* Constraintable.swift in Sources */ = {isa = PBXBuildFile; fileRef = 34193FFF2813F336005452A4 /* Constraintable.swift */; };
		341940062813F337005452A4 /* NSLayoutConstraint+Extensions.swift in Sources */ = {isa = PBXBuildFile; fileRef = 341940002813F336005452A4 /* NSLayoutConstraint+Extensions.swift */; };
		341940072813F337005452A4 /* UIView+Extensions.swift in Sources */ = {isa = PBXBuildFile; fileRef = 341940012813F336005452A4 /* UIView+Extensions.swift */; };
		341940082813F337005452A4 /* UILayoutPriority+Extensions.swift in Sources */ = {isa = PBXBuildFile; fileRef = 341940022813F336005452A4 /* UILayoutPriority+Extensions.swift */; };
		34AE8B5E28142C7400379CB4 /* ChooseSmokersViewController.swift in Sources */ = {isa = PBXBuildFile; fileRef = 34AE8B5D28142C7400379CB4 /* ChooseSmokersViewController.swift */; };
		34AE8B612814380600379CB4 /* checkBoxAnimation_white.json in Resources */ = {isa = PBXBuildFile; fileRef = 34AE8B602814380600379CB4 /* checkBoxAnimation_white.json */; };
		34AE8B632814383300379CB4 /* CheckBoxCell.swift in Sources */ = {isa = PBXBuildFile; fileRef = 34AE8B622814383300379CB4 /* CheckBoxCell.swift */; };
		34AE8B652814457C00379CB4 /* checkBoxAnimation_black.json in Resources */ = {isa = PBXBuildFile; fileRef = 34AE8B642814457C00379CB4 /* checkBoxAnimation_black.json */; };
		34AE8B682814508500379CB4 /* SimpleTimerViewController.swift in Sources */ = {isa = PBXBuildFile; fileRef = 34AE8B672814508500379CB4 /* SimpleTimerViewController.swift */; };
		34AE8B6A28146B4400379CB4 /* smoke.gif in Resources */ = {isa = PBXBuildFile; fileRef = 34AE8B6928146B4400379CB4 /* smoke.gif */; };
		34AE8B6C28146BB900379CB4 /* iOSDevCenters+GIF.swift in Sources */ = {isa = PBXBuildFile; fileRef = 34AE8B6B28146BB900379CB4 /* iOSDevCenters+GIF.swift */; };
		EA845007779B94F871385B79 /* Pods_HookahTimer.framework in Frameworks */ = {isa = PBXBuildFile; fileRef = 0EA648AA4182F4F9FC0ABDA7 /* Pods_HookahTimer.framework */; };
/* End PBXBuildFile section */

/* Begin PBXFileReference section */
		0EA648AA4182F4F9FC0ABDA7 /* Pods_HookahTimer.framework */ = {isa = PBXFileReference; explicitFileType = wrapper.framework; includeInIndex = 0; path = Pods_HookahTimer.framework; sourceTree = BUILT_PRODUCTS_DIR; };
		34193FE02813EB3D005452A4 /* HookahTimer.app */ = {isa = PBXFileReference; explicitFileType = wrapper.application; includeInIndex = 0; path = HookahTimer.app; sourceTree = BUILT_PRODUCTS_DIR; };
		34193FE32813EB3D005452A4 /* AppDelegate.swift */ = {isa = PBXFileReference; lastKnownFileType = sourcecode.swift; path = AppDelegate.swift; sourceTree = "<group>"; };
		34193FEC2813EB3F005452A4 /* Assets.xcassets */ = {isa = PBXFileReference; lastKnownFileType = folder.assetcatalog; path = Assets.xcassets; sourceTree = "<group>"; };
		34193FF12813EB3F005452A4 /* Info.plist */ = {isa = PBXFileReference; lastKnownFileType = text.plist.xml; path = Info.plist; sourceTree = "<group>"; };
		34193FF92813EF63005452A4 /* BlackLaunchScreen.storyboard */ = {isa = PBXFileReference; lastKnownFileType = file.storyboard; path = BlackLaunchScreen.storyboard; sourceTree = "<group>"; };
		34193FFD2813F336005452A4 /* AutoLayoutOperators.swift */ = {isa = PBXFileReference; fileEncoding = 4; lastKnownFileType = sourcecode.swift; path = AutoLayoutOperators.swift; sourceTree = "<group>"; };
		34193FFE2813F336005452A4 /* Collection+NSLayoutConstraint.swift */ = {isa = PBXFileReference; fileEncoding = 4; lastKnownFileType = sourcecode.swift; path = "Collection+NSLayoutConstraint.swift"; sourceTree = "<group>"; };
		34193FFF2813F336005452A4 /* Constraintable.swift */ = {isa = PBXFileReference; fileEncoding = 4; lastKnownFileType = sourcecode.swift; path = Constraintable.swift; sourceTree = "<group>"; };
		341940002813F336005452A4 /* NSLayoutConstraint+Extensions.swift */ = {isa = PBXFileReference; fileEncoding = 4; lastKnownFileType = sourcecode.swift; path = "NSLayoutConstraint+Extensions.swift"; sourceTree = "<group>"; };
		341940012813F336005452A4 /* UIView+Extensions.swift */ = {isa = PBXFileReference; fileEncoding = 4; lastKnownFileType = sourcecode.swift; path = "UIView+Extensions.swift"; sourceTree = "<group>"; };
		341940022813F336005452A4 /* UILayoutPriority+Extensions.swift */ = {isa = PBXFileReference; fileEncoding = 4; lastKnownFileType = sourcecode.swift; path = "UILayoutPriority+Extensions.swift"; sourceTree = "<group>"; };
		34AE8B5D28142C7400379CB4 /* ChooseSmokersViewController.swift */ = {isa = PBXFileReference; lastKnownFileType = sourcecode.swift; path = ChooseSmokersViewController.swift; sourceTree = "<group>"; };
		34AE8B602814380600379CB4 /* checkBoxAnimation_white.json */ = {isa = PBXFileReference; fileEncoding = 4; lastKnownFileType = text.json; name = checkBoxAnimation_white.json; path = ../../../../../../../../Downloads/checkBoxAnimation_white.json; sourceTree = "<group>"; };
		34AE8B622814383300379CB4 /* CheckBoxCell.swift */ = {isa = PBXFileReference; lastKnownFileType = sourcecode.swift; path = CheckBoxCell.swift; sourceTree = "<group>"; };
		34AE8B642814457C00379CB4 /* checkBoxAnimation_black.json */ = {isa = PBXFileReference; fileEncoding = 4; lastKnownFileType = text.json; name = checkBoxAnimation_black.json; path = ../../../../../../../../Downloads/checkBoxAnimation_black.json; sourceTree = "<group>"; };
		34AE8B672814508500379CB4 /* SimpleTimerViewController.swift */ = {isa = PBXFileReference; lastKnownFileType = sourcecode.swift; path = SimpleTimerViewController.swift; sourceTree = "<group>"; };
		34AE8B6928146B4400379CB4 /* smoke.gif */ = {isa = PBXFileReference; lastKnownFileType = image.gif; name = smoke.gif; path = ../../../../../../../Downloads/smoke.gif; sourceTree = "<group>"; };
		34AE8B6B28146BB900379CB4 /* iOSDevCenters+GIF.swift */ = {isa = PBXFileReference; lastKnownFileType = sourcecode.swift; path = "iOSDevCenters+GIF.swift"; sourceTree = "<group>"; };
		59E378D3E1EF3161E6781855 /* Pods-HookahTimer.debug.xcconfig */ = {isa = PBXFileReference; includeInIndex = 1; lastKnownFileType = text.xcconfig; name = "Pods-HookahTimer.debug.xcconfig"; path = "Target Support Files/Pods-HookahTimer/Pods-HookahTimer.debug.xcconfig"; sourceTree = "<group>"; };
		5BF98B4D247C42A52D9A29CC /* Pods-HookahTimer.release.xcconfig */ = {isa = PBXFileReference; includeInIndex = 1; lastKnownFileType = text.xcconfig; name = "Pods-HookahTimer.release.xcconfig"; path = "Target Support Files/Pods-HookahTimer/Pods-HookahTimer.release.xcconfig"; sourceTree = "<group>"; };
/* End PBXFileReference section */

/* Begin PBXFrameworksBuildPhase section */
		34193FDD2813EB3D005452A4 /* Frameworks */ = {
			isa = PBXFrameworksBuildPhase;
			buildActionMask = 2147483647;
			files = (
				EA845007779B94F871385B79 /* Pods_HookahTimer.framework in Frameworks */,
			);
			runOnlyForDeploymentPostprocessing = 0;
		};
/* End PBXFrameworksBuildPhase section */

/* Begin PBXGroup section */
		34193FD72813EB3D005452A4 = {
			isa = PBXGroup;
			children = (
				34193FE22813EB3D005452A4 /* HookahTimer */,
				34193FE12813EB3D005452A4 /* Products */,
				FB84B84662BD450EF292A2B5 /* Pods */,
				870DF9B95FC209A3DBEF6715 /* Frameworks */,
			);
			sourceTree = "<group>";
		};
		34193FE12813EB3D005452A4 /* Products */ = {
			isa = PBXGroup;
			children = (
				34193FE02813EB3D005452A4 /* HookahTimer.app */,
			);
			name = Products;
			sourceTree = "<group>";
		};
		34193FE22813EB3D005452A4 /* HookahTimer */ = {
			isa = PBXGroup;
			children = (
				34AE8B5B28142C3D00379CB4 /* Screens */,
				34193FFB2813F305005452A4 /* Support */,
				34193FF82813EC6F005452A4 /* Resources */,
				34193FF72813EC64005452A4 /* Application */,
				34193FF12813EB3F005452A4 /* Info.plist */,
				34193FF92813EF63005452A4 /* BlackLaunchScreen.storyboard */,
			);
			path = HookahTimer;
			sourceTree = "<group>";
		};
		34193FF72813EC64005452A4 /* Application */ = {
			isa = PBXGroup;
			children = (
				34193FE32813EB3D005452A4 /* AppDelegate.swift */,
			);
			path = Application;
			sourceTree = "<group>";
		};
		34193FF82813EC6F005452A4 /* Resources */ = {
			isa = PBXGroup;
			children = (
				34AE8B6928146B4400379CB4 /* smoke.gif */,
				34AE8B5F281437F000379CB4 /* Animations */,
				34193FEC2813EB3F005452A4 /* Assets.xcassets */,
			);
			path = Resources;
			sourceTree = "<group>";
		};
		34193FFB2813F305005452A4 /* Support */ = {
			isa = PBXGroup;
			children = (
				34193FFC2813F310005452A4 /* AutoLayout */,
				34AE8B6B28146BB900379CB4 /* iOSDevCenters+GIF.swift */,
			);
			path = Support;
			sourceTree = "<group>";
		};
		34193FFC2813F310005452A4 /* AutoLayout */ = {
			isa = PBXGroup;
			children = (
				34193FFD2813F336005452A4 /* AutoLayoutOperators.swift */,
				34193FFE2813F336005452A4 /* Collection+NSLayoutConstraint.swift */,
				34193FFF2813F336005452A4 /* Constraintable.swift */,
				341940002813F336005452A4 /* NSLayoutConstraint+Extensions.swift */,
				341940022813F336005452A4 /* UILayoutPriority+Extensions.swift */,
				341940012813F336005452A4 /* UIView+Extensions.swift */,
			);
			path = AutoLayout;
			sourceTree = "<group>";
		};
		34AE8B5B28142C3D00379CB4 /* Screens */ = {
			isa = PBXGroup;
			children = (
				34AE8B6628144F9600379CB4 /* Timers */,
				34AE8B5C28142C4300379CB4 /* ChooseSmokers */,
			);
			path = Screens;
			sourceTree = "<group>";
		};
		34AE8B5C28142C4300379CB4 /* ChooseSmokers */ = {
			isa = PBXGroup;
			children = (
				34AE8B5D28142C7400379CB4 /* ChooseSmokersViewController.swift */,
				34AE8B622814383300379CB4 /* CheckBoxCell.swift */,
			);
			path = ChooseSmokers;
			sourceTree = "<group>";
		};
		34AE8B5F281437F000379CB4 /* Animations */ = {
			isa = PBXGroup;
			children = (
				34AE8B642814457C00379CB4 /* checkBoxAnimation_black.json */,
				34AE8B602814380600379CB4 /* checkBoxAnimation_white.json */,
			);
			path = Animations;
			sourceTree = "<group>";
		};
		34AE8B6628144F9600379CB4 /* Timers */ = {
			isa = PBXGroup;
			children = (
				34AE8B672814508500379CB4 /* SimpleTimerViewController.swift */,
			);
			path = Timers;
			sourceTree = "<group>";
		};
		870DF9B95FC209A3DBEF6715 /* Frameworks */ = {
			isa = PBXGroup;
			children = (
				0EA648AA4182F4F9FC0ABDA7 /* Pods_HookahTimer.framework */,
			);
			name = Frameworks;
			sourceTree = "<group>";
		};
		FB84B84662BD450EF292A2B5 /* Pods */ = {
			isa = PBXGroup;
			children = (
				59E378D3E1EF3161E6781855 /* Pods-HookahTimer.debug.xcconfig */,
				5BF98B4D247C42A52D9A29CC /* Pods-HookahTimer.release.xcconfig */,
			);
			path = Pods;
			sourceTree = "<group>";
		};
/* End PBXGroup section */

/* Begin PBXNativeTarget section */
		34193FDF2813EB3D005452A4 /* HookahTimer */ = {
			isa = PBXNativeTarget;
			buildConfigurationList = 34193FF42813EB3F005452A4 /* Build configuration list for PBXNativeTarget "HookahTimer" */;
			buildPhases = (
				86F62E7C7078F94C5EADCAA9 /* [CP] Check Pods Manifest.lock */,
				34193FDC2813EB3D005452A4 /* Sources */,
				34193FDD2813EB3D005452A4 /* Frameworks */,
				34193FDE2813EB3D005452A4 /* Resources */,
				FDC549A4723B4A06005F8959 /* [CP] Embed Pods Frameworks */,
			);
			buildRules = (
			);
			dependencies = (
			);
			name = HookahTimer;
			productName = HookahTimer;
			productReference = 34193FE02813EB3D005452A4 /* HookahTimer.app */;
			productType = "com.apple.product-type.application";
		};
/* End PBXNativeTarget section */

/* Begin PBXProject section */
		34193FD82813EB3D005452A4 /* Project object */ = {
			isa = PBXProject;
			attributes = {
				BuildIndependentTargetsInParallel = 1;
				LastSwiftUpdateCheck = 1330;
				LastUpgradeCheck = 1330;
				TargetAttributes = {
					34193FDF2813EB3D005452A4 = {
						CreatedOnToolsVersion = 13.3.1;
					};
				};
			};
			buildConfigurationList = 34193FDB2813EB3D005452A4 /* Build configuration list for PBXProject "HookahTimer" */;
			compatibilityVersion = "Xcode 13.0";
			developmentRegion = en;
			hasScannedForEncodings = 0;
			knownRegions = (
				en,
				Base,
			);
			mainGroup = 34193FD72813EB3D005452A4;
			productRefGroup = 34193FE12813EB3D005452A4 /* Products */;
			projectDirPath = "";
			projectRoot = "";
			targets = (
				34193FDF2813EB3D005452A4 /* HookahTimer */,
			);
		};
/* End PBXProject section */

/* Begin PBXResourcesBuildPhase section */
		34193FDE2813EB3D005452A4 /* Resources */ = {
			isa = PBXResourcesBuildPhase;
			buildActionMask = 2147483647;
			files = (
				34193FFA2813EF63005452A4 /* BlackLaunchScreen.storyboard in Resources */,
				34AE8B6A28146B4400379CB4 /* smoke.gif in Resources */,
				34193FED2813EB3F005452A4 /* Assets.xcassets in Resources */,
				34AE8B612814380600379CB4 /* checkBoxAnimation_white.json in Resources */,
				34AE8B652814457C00379CB4 /* checkBoxAnimation_black.json in Resources */,
			);
			runOnlyForDeploymentPostprocessing = 0;
		};
/* End PBXResourcesBuildPhase section */

/* Begin PBXShellScriptBuildPhase section */
		86F62E7C7078F94C5EADCAA9 /* [CP] Check Pods Manifest.lock */ = {
			isa = PBXShellScriptBuildPhase;
			buildActionMask = 2147483647;
			files = (
			);
			inputFileListPaths = (
			);
			inputPaths = (
				"${PODS_PODFILE_DIR_PATH}/Podfile.lock",
				"${PODS_ROOT}/Manifest.lock",
			);
			name = "[CP] Check Pods Manifest.lock";
			outputFileListPaths = (
			);
			outputPaths = (
				"$(DERIVED_FILE_DIR)/Pods-HookahTimer-checkManifestLockResult.txt",
			);
			runOnlyForDeploymentPostprocessing = 0;
			shellPath = /bin/sh;
			shellScript = "diff \"${PODS_PODFILE_DIR_PATH}/Podfile.lock\" \"${PODS_ROOT}/Manifest.lock\" > /dev/null\nif [ $? != 0 ] ; then\n    # print error to STDERR\n    echo \"error: The sandbox is not in sync with the Podfile.lock. Run 'pod install' or update your CocoaPods installation.\" >&2\n    exit 1\nfi\n# This output is used by Xcode 'outputs' to avoid re-running this script phase.\necho \"SUCCESS\" > \"${SCRIPT_OUTPUT_FILE_0}\"\n";
			showEnvVarsInLog = 0;
		};
		FDC549A4723B4A06005F8959 /* [CP] Embed Pods Frameworks */ = {
			isa = PBXShellScriptBuildPhase;
			buildActionMask = 2147483647;
			files = (
			);
			inputFileListPaths = (
				"${PODS_ROOT}/Target Support Files/Pods-HookahTimer/Pods-HookahTimer-frameworks-${CONFIGURATION}-input-files.xcfilelist",
			);
			name = "[CP] Embed Pods Frameworks";
			outputFileListPaths = (
				"${PODS_ROOT}/Target Support Files/Pods-HookahTimer/Pods-HookahTimer-frameworks-${CONFIGURATION}-output-files.xcfilelist",
			);
			runOnlyForDeploymentPostprocessing = 0;
			shellPath = /bin/sh;
			shellScript = "\"${PODS_ROOT}/Target Support Files/Pods-HookahTimer/Pods-HookahTimer-frameworks.sh\"\n";
			showEnvVarsInLog = 0;
		};
/* End PBXShellScriptBuildPhase section */

/* Begin PBXSourcesBuildPhase section */
		34193FDC2813EB3D005452A4 /* Sources */ = {
			isa = PBXSourcesBuildPhase;
			buildActionMask = 2147483647;
			files = (
				341940072813F337005452A4 /* UIView+Extensions.swift in Sources */,
				341940032813F337005452A4 /* AutoLayoutOperators.swift in Sources */,
				34AE8B6C28146BB900379CB4 /* iOSDevCenters+GIF.swift in Sources */,
				34AE8B5E28142C7400379CB4 /* ChooseSmokersViewController.swift in Sources */,
				34AE8B632814383300379CB4 /* CheckBoxCell.swift in Sources */,
				341940062813F337005452A4 /* NSLayoutConstraint+Extensions.swift in Sources */,
				341940052813F337005452A4 /* Constraintable.swift in Sources */,
				34AE8B682814508500379CB4 /* SimpleTimerViewController.swift in Sources */,
				341940042813F337005452A4 /* Collection+NSLayoutConstraint.swift in Sources */,
				34193FE42813EB3D005452A4 /* AppDelegate.swift in Sources */,
				341940082813F337005452A4 /* UILayoutPriority+Extensions.swift in Sources */,
			);
			runOnlyForDeploymentPostprocessing = 0;
		};
/* End PBXSourcesBuildPhase section */

/* Begin XCBuildConfiguration section */
		34193FF22813EB3F005452A4 /* Debug */ = {
			isa = XCBuildConfiguration;
			buildSettings = {
				ALWAYS_SEARCH_USER_PATHS = NO;
				CLANG_ANALYZER_NONNULL = YES;
				CLANG_ANALYZER_NUMBER_OBJECT_CONVERSION = YES_AGGRESSIVE;
				CLANG_CXX_LANGUAGE_STANDARD = "gnu++17";
				CLANG_ENABLE_MODULES = YES;
				CLANG_ENABLE_OBJC_ARC = YES;
				CLANG_ENABLE_OBJC_WEAK = YES;
				CLANG_WARN_BLOCK_CAPTURE_AUTORELEASING = YES;
				CLANG_WARN_BOOL_CONVERSION = YES;
				CLANG_WARN_COMMA = YES;
				CLANG_WARN_CONSTANT_CONVERSION = YES;
				CLANG_WARN_DEPRECATED_OBJC_IMPLEMENTATIONS = YES;
				CLANG_WARN_DIRECT_OBJC_ISA_USAGE = YES_ERROR;
				CLANG_WARN_DOCUMENTATION_COMMENTS = YES;
				CLANG_WARN_EMPTY_BODY = YES;
				CLANG_WARN_ENUM_CONVERSION = YES;
				CLANG_WARN_INFINITE_RECURSION = YES;
				CLANG_WARN_INT_CONVERSION = YES;
				CLANG_WARN_NON_LITERAL_NULL_CONVERSION = YES;
				CLANG_WARN_OBJC_IMPLICIT_RETAIN_SELF = YES;
				CLANG_WARN_OBJC_LITERAL_CONVERSION = YES;
				CLANG_WARN_OBJC_ROOT_CLASS = YES_ERROR;
				CLANG_WARN_QUOTED_INCLUDE_IN_FRAMEWORK_HEADER = YES;
				CLANG_WARN_RANGE_LOOP_ANALYSIS = YES;
				CLANG_WARN_STRICT_PROTOTYPES = YES;
				CLANG_WARN_SUSPICIOUS_MOVE = YES;
				CLANG_WARN_UNGUARDED_AVAILABILITY = YES_AGGRESSIVE;
				CLANG_WARN_UNREACHABLE_CODE = YES;
				CLANG_WARN__DUPLICATE_METHOD_MATCH = YES;
				COPY_PHASE_STRIP = NO;
				DEBUG_INFORMATION_FORMAT = dwarf;
				ENABLE_STRICT_OBJC_MSGSEND = YES;
				ENABLE_TESTABILITY = YES;
				GCC_C_LANGUAGE_STANDARD = gnu11;
				GCC_DYNAMIC_NO_PIC = NO;
				GCC_NO_COMMON_BLOCKS = YES;
				GCC_OPTIMIZATION_LEVEL = 0;
				GCC_PREPROCESSOR_DEFINITIONS = (
					"DEBUG=1",
					"$(inherited)",
				);
				GCC_WARN_64_TO_32_BIT_CONVERSION = YES;
				GCC_WARN_ABOUT_RETURN_TYPE = YES_ERROR;
				GCC_WARN_UNDECLARED_SELECTOR = YES;
				GCC_WARN_UNINITIALIZED_AUTOS = YES_AGGRESSIVE;
				GCC_WARN_UNUSED_FUNCTION = YES;
				GCC_WARN_UNUSED_VARIABLE = YES;
				IPHONEOS_DEPLOYMENT_TARGET = 15.4;
				MTL_ENABLE_DEBUG_INFO = INCLUDE_SOURCE;
				MTL_FAST_MATH = YES;
				ONLY_ACTIVE_ARCH = YES;
				SDKROOT = iphoneos;
				SWIFT_ACTIVE_COMPILATION_CONDITIONS = DEBUG;
				SWIFT_OPTIMIZATION_LEVEL = "-Onone";
			};
			name = Debug;
		};
		34193FF32813EB3F005452A4 /* Release */ = {
			isa = XCBuildConfiguration;
			buildSettings = {
				ALWAYS_SEARCH_USER_PATHS = NO;
				CLANG_ANALYZER_NONNULL = YES;
				CLANG_ANALYZER_NUMBER_OBJECT_CONVERSION = YES_AGGRESSIVE;
				CLANG_CXX_LANGUAGE_STANDARD = "gnu++17";
				CLANG_ENABLE_MODULES = YES;
				CLANG_ENABLE_OBJC_ARC = YES;
				CLANG_ENABLE_OBJC_WEAK = YES;
				CLANG_WARN_BLOCK_CAPTURE_AUTORELEASING = YES;
				CLANG_WARN_BOOL_CONVERSION = YES;
				CLANG_WARN_COMMA = YES;
				CLANG_WARN_CONSTANT_CONVERSION = YES;
				CLANG_WARN_DEPRECATED_OBJC_IMPLEMENTATIONS = YES;
				CLANG_WARN_DIRECT_OBJC_ISA_USAGE = YES_ERROR;
				CLANG_WARN_DOCUMENTATION_COMMENTS = YES;
				CLANG_WARN_EMPTY_BODY = YES;
				CLANG_WARN_ENUM_CONVERSION = YES;
				CLANG_WARN_INFINITE_RECURSION = YES;
				CLANG_WARN_INT_CONVERSION = YES;
				CLANG_WARN_NON_LITERAL_NULL_CONVERSION = YES;
				CLANG_WARN_OBJC_IMPLICIT_RETAIN_SELF = YES;
				CLANG_WARN_OBJC_LITERAL_CONVERSION = YES;
				CLANG_WARN_OBJC_ROOT_CLASS = YES_ERROR;
				CLANG_WARN_QUOTED_INCLUDE_IN_FRAMEWORK_HEADER = YES;
				CLANG_WARN_RANGE_LOOP_ANALYSIS = YES;
				CLANG_WARN_STRICT_PROTOTYPES = YES;
				CLANG_WARN_SUSPICIOUS_MOVE = YES;
				CLANG_WARN_UNGUARDED_AVAILABILITY = YES_AGGRESSIVE;
				CLANG_WARN_UNREACHABLE_CODE = YES;
				CLANG_WARN__DUPLICATE_METHOD_MATCH = YES;
				COPY_PHASE_STRIP = NO;
				DEBUG_INFORMATION_FORMAT = "dwarf-with-dsym";
				ENABLE_NS_ASSERTIONS = NO;
				ENABLE_STRICT_OBJC_MSGSEND = YES;
				GCC_C_LANGUAGE_STANDARD = gnu11;
				GCC_NO_COMMON_BLOCKS = YES;
				GCC_WARN_64_TO_32_BIT_CONVERSION = YES;
				GCC_WARN_ABOUT_RETURN_TYPE = YES_ERROR;
				GCC_WARN_UNDECLARED_SELECTOR = YES;
				GCC_WARN_UNINITIALIZED_AUTOS = YES_AGGRESSIVE;
				GCC_WARN_UNUSED_FUNCTION = YES;
				GCC_WARN_UNUSED_VARIABLE = YES;
				IPHONEOS_DEPLOYMENT_TARGET = 15.4;
				MTL_ENABLE_DEBUG_INFO = NO;
				MTL_FAST_MATH = YES;
				SDKROOT = iphoneos;
				SWIFT_COMPILATION_MODE = wholemodule;
				SWIFT_OPTIMIZATION_LEVEL = "-O";
				VALIDATE_PRODUCT = YES;
			};
			name = Release;
		};
		34193FF52813EB3F005452A4 /* Debug */ = {
			isa = XCBuildConfiguration;
			baseConfigurationReference = 59E378D3E1EF3161E6781855 /* Pods-HookahTimer.debug.xcconfig */;
			buildSettings = {
				ASSETCATALOG_COMPILER_APPICON_NAME = AppIcon;
				ASSETCATALOG_COMPILER_GLOBAL_ACCENT_COLOR_NAME = AccentColor;
				CODE_SIGN_STYLE = Automatic;
				CURRENT_PROJECT_VERSION = 1;
				DEVELOPMENT_TEAM = 8YTHWLHV89;
				GENERATE_INFOPLIST_FILE = YES;
				INFOPLIST_FILE = HookahTimer/Info.plist;
				INFOPLIST_KEY_CFBundleDisplayName = "Hookah Timer";
				INFOPLIST_KEY_UIApplicationSupportsIndirectInputEvents = YES;
				INFOPLIST_KEY_UILaunchStoryboardName = BlackLaunchScreen;
				INFOPLIST_KEY_UISupportedInterfaceOrientations_iPad = "UIInterfaceOrientationPortrait UIInterfaceOrientationPortraitUpsideDown UIInterfaceOrientationLandscapeLeft UIInterfaceOrientationLandscapeRight";
				INFOPLIST_KEY_UISupportedInterfaceOrientations_iPhone = "UIInterfaceOrientationPortrait UIInterfaceOrientationLandscapeLeft UIInterfaceOrientationLandscapeRight";
				IPHONEOS_DEPLOYMENT_TARGET = 15.0;
				LD_RUNPATH_SEARCH_PATHS = (
					"$(inherited)",
					"@executable_path/Frameworks",
				);
				MARKETING_VERSION = 1.0;
				PRODUCT_BUNDLE_IDENTIFIER = Sklexp.HookahTimer;
				PRODUCT_NAME = "$(TARGET_NAME)";
				SWIFT_EMIT_LOC_STRINGS = YES;
				SWIFT_VERSION = 5.0;
				TARGETED_DEVICE_FAMILY = 1;
			};
			name = Debug;
		};
		34193FF62813EB3F005452A4 /* Release */ = {
			isa = XCBuildConfiguration;
			baseConfigurationReference = 5BF98B4D247C42A52D9A29CC /* Pods-HookahTimer.release.xcconfig */;
			buildSettings = {
				ASSETCATALOG_COMPILER_APPICON_NAME = AppIcon;
				ASSETCATALOG_COMPILER_GLOBAL_ACCENT_COLOR_NAME = AccentColor;
				CODE_SIGN_STYLE = Automatic;
				CURRENT_PROJECT_VERSION = 1;
				DEVELOPMENT_TEAM = 8YTHWLHV89;
				GENERATE_INFOPLIST_FILE = YES;
				INFOPLIST_FILE = HookahTimer/Info.plist;
				INFOPLIST_KEY_CFBundleDisplayName = "Hookah Timer";
				INFOPLIST_KEY_UIApplicationSupportsIndirectInputEvents = YES;
				INFOPLIST_KEY_UILaunchStoryboardName = BlackLaunchScreen;
				INFOPLIST_KEY_UISupportedInterfaceOrientations_iPad = "UIInterfaceOrientationPortrait UIInterfaceOrientationPortraitUpsideDown UIInterfaceOrientationLandscapeLeft UIInterfaceOrientationLandscapeRight";
				INFOPLIST_KEY_UISupportedInterfaceOrientations_iPhone = "UIInterfaceOrientationPortrait UIInterfaceOrientationLandscapeLeft UIInterfaceOrientationLandscapeRight";
				IPHONEOS_DEPLOYMENT_TARGET = 15.0;
				LD_RUNPATH_SEARCH_PATHS = (
					"$(inherited)",
					"@executable_path/Frameworks",
				);
				MARKETING_VERSION = 1.0;
				PRODUCT_BUNDLE_IDENTIFIER = Sklexp.HookahTimer;
				PRODUCT_NAME = "$(TARGET_NAME)";
				SWIFT_EMIT_LOC_STRINGS = YES;
				SWIFT_VERSION = 5.0;
				TARGETED_DEVICE_FAMILY = 1;
			};
			name = Release;
		};
/* End XCBuildConfiguration section */

/* Begin XCConfigurationList section */
		34193FDB2813EB3D005452A4 /* Build configuration list for PBXProject "HookahTimer" */ = {
			isa = XCConfigurationList;
			buildConfigurations = (
				34193FF22813EB3F005452A4 /* Debug */,
				34193FF32813EB3F005452A4 /* Release */,
			);
			defaultConfigurationIsVisible = 0;
			defaultConfigurationName = Release;
		};
		34193FF42813EB3F005452A4 /* Build configuration list for PBXNativeTarget "HookahTimer" */ = {
			isa = XCConfigurationList;
			buildConfigurations = (
				34193FF52813EB3F005452A4 /* Debug */,
				34193FF62813EB3F005452A4 /* Release */,
			);
			defaultConfigurationIsVisible = 0;
			defaultConfigurationName = Release;
		};
/* End XCConfigurationList section */
	};
	rootObject = 34193FD82813EB3D005452A4 /* Project object */;
}
